
Microsoft Visual Studio Solution File, Format Version 11.00
# Visual Studio 2010
Project("{FAE04EC0-301F-11D3-BF4B-00C04F79EFBC}") = "2dmmclauncher", "2dmmclauncher\2dmmclauncher.csproj", "{0592D66F-D098-4884-BA3F-C733806E4DFF}"
EndProject
Global
	GlobalSection(SolutionConfigurationPlatforms) = preSolution
		Debug|x64 = Debug|x64
		Debug|x86 = Debug|x86
		Release|x64 = Release|x64
		Release|x86 = Release|x86
		x64|x64 = x64|x64
		x64|x86 = x64|x86
	EndGlobalSection
	GlobalSection(ProjectConfigurationPlatforms) = postSolution
		{0592D66F-D098-4884-BA3F-C733806E4DFF}.Debug|x64.ActiveCfg = Debug|x86
		{0592D66F-D098-4884-BA3F-C733806E4DFF}.Debug|x64.Build.0 = Debug|x86
		{0592D66F-D098-4884-BA3F-C733806E4DFF}.Debug|x86.ActiveCfg = Debug|x86
		{0592D66F-D098-4884-BA3F-C733806E4DFF}.Debug|x86.Build.0 = Debug|x86
		{0592D66F-D098-4884-BA3F-C733806E4DFF}.Release|x64.ActiveCfg = Release|x86
		{0592D66F-D098-4884-BA3F-C733806E4DFF}.Release|x64.Build.0 = Release|x86
		{0592D66F-D098-4884-BA3F-C733806E4DFF}.Release|x86.ActiveCfg = Release|x86
		{0592D66F-D098-4884-BA3F-C733806E4DFF}.Release|x86.Build.0 = Release|x86
		{0592D66F-D098-4884-BA3F-C733806E4DFF}.x64|x64.ActiveCfg = x64|x64
		{0592D66F-D098-4884-BA3F-C733806E4DFF}.x64|x64.Build.0 = x64|x64
		{0592D66F-D098-4884-BA3F-C733806E4DFF}.x64|x86.ActiveCfg = x64|x86
		{0592D66F-D098-4884-BA3F-C733806E4DFF}.x64|x86.Build.0 = x64|x86
	EndGlobalSection
	GlobalSection(SolutionProperties) = preSolution
		HideSolutionNode = FALSE
	EndGlobalSection
EndGlobal
